
Microsoft Visual Studio Solution File, Format Version 12.00
# Visual Studio 15
VisualStudioVersion = 15.0.26730.12
MinimumVisualStudioVersion = 10.0.40219.1
Project("{FAE04EC0-301F-11D3-BF4B-00C04F79EFBC}") = "RestaurentReviews", "RestaurentReviews\RestaurentReviews.csproj", "{AE34C4DC-A4AF-435C-8F7F-03D6C8C1FDC9}"
EndProject
Project("{FAE04EC0-301F-11D3-BF4B-00C04F79EFBC}") = "RestaurentReviews.Tests", "RestaurentReviews.Tests\RestaurentReviews.Tests.csproj", "{C69B8776-4EAD-44E5-BA38-2DE3F2434885}"
EndProject
Global
	GlobalSection(SolutionConfigurationPlatforms) = preSolution
		Debug|Any CPU = Debug|Any CPU
		Release|Any CPU = Release|Any CPU
	EndGlobalSection
	GlobalSection(ProjectConfigurationPlatforms) = postSolution
		{AE34C4DC-A4AF-435C-8F7F-03D6C8C1FDC9}.Debug|Any CPU.ActiveCfg = Debug|Any CPU
		{AE34C4DC-A4AF-435C-8F7F-03D6C8C1FDC9}.Debug|Any CPU.Build.0 = Debug|Any CPU
		{AE34C4DC-A4AF-435C-8F7F-03D6C8C1FDC9}.Release|Any CPU.ActiveCfg = Release|Any CPU
		{AE34C4DC-A4AF-435C-8F7F-03D6C8C1FDC9}.Release|Any CPU.Build.0 = Release|Any CPU
		{C69B8776-4EAD-44E5-BA38-2DE3F2434885}.Debug|Any CPU.ActiveCfg = Debug|Any CPU
		{C69B8776-4EAD-44E5-BA38-2DE3F2434885}.Debug|Any CPU.Build.0 = Debug|Any CPU
		{C69B8776-4EAD-44E5-BA38-2DE3F2434885}.Release|Any CPU.ActiveCfg = Release|Any CPU
		{C69B8776-4EAD-44E5-BA38-2DE3F2434885}.Release|Any CPU.Build.0 = Release|Any CPU
	EndGlobalSection
	GlobalSection(SolutionProperties) = preSolution
		HideSolutionNode = FALSE
	EndGlobalSection
	GlobalSection(ExtensibilityGlobals) = postSolution
		SolutionGuid = {BBD6C39B-6B45-48C5-8C9D-ADB7FB043788}
	EndGlobalSection
EndGlobal
